{
  "name": "test_lock",
  "version": "1.0.0",
  "lockfileVersion": 1,
  "requires": true,
  "dependencies": {
    "test_me_lock": {
      "version": "1.0.0",
      "resolved": "https://registry.npmjs.org/test_me_lock/-/test_me_lock-1.0.0.tgz",
      "integrity": "sha512-8fSVE1uT/wtaTAroWYnyoX3Nyc89Qe8bIX+1fQC3A/rr/HsWxBSXmoh24q+uVwbBrosXwh3EfNkeOUZnsu87nA=="
    }
  }
}
